PODS:
  - Alamofire (5.0.0-rc.3)
  - NVActivityIndicatorView (4.8.0):
    - NVActivityIndicatorView/Presenter (= 4.8.0)
  - NVActivityIndicatorView/Presenter (4.8.0)
  - PromiseKit (6.13.1):
    - PromiseKit/CorePromise (= 6.13.1)
    - PromiseKit/Foundation (= 6.13.1)
    - PromiseKit/UIKit (= 6.13.1)
  - PromiseKit/CorePromise (6.13.1)
  - PromiseKit/Foundation (6.13.1):
    - PromiseKit/CorePromise
  - PromiseKit/UIKit (6.13.1):
    - PromiseKit/CorePromise
  - SwiftyJSON (4.3.0)

DEPENDENCIES:
  - Alamofire (~> 5.0.0-rc.3)
  - NVActivityIndicatorView
  - PromiseKit (~> 6.8)
  - SwiftyJSON (~> 4.0)

SPEC REPOS:
  trunk:
    - Alamofire
    - NVActivityIndicatorView
    - PromiseKit
    - SwiftyJSON

SPEC CHECKSUMS:
  Alamofire: ca8c0de6906873be89d6deec5c8de279e00bf872
  NVActivityIndicatorView: d24b7ebcf80af5dcd994adb650e2b6c93379270f
  PromiseKit: 28fda91c973cc377875d8c0ea4f973013c05b6db
  SwiftyJSON: 6faa0040f8b59dead0ee07436cbf76b73c08fd08

PODFILE CHECKSUM: a948a83d2bb77835dd675367950c43c257263d35

COCOAPODS: 1.8.4
